
Microsoft Visual Studio Solution File, Format Version 12.00
# Visual Studio Version 17
VisualStudioVersion = 17.5.33414.496
MinimumVisualStudioVersion = 10.0.40219.1
Project("{54A90642-561A-4BB1-A94E-469ADEE60C69}") = "ARCrypt.UI", "ARCrypt.UI\ARCrypt.UI.esproj", "{32BA07F9-02F2-44CB-A101-7C377D508BCC}"
EndProject
Project("{9A19103F-16F7-4668-BE54-9A1E7A4F7556}") = "ArCrypt.Blazor", "ArCrypt.Blazor\ArCrypt.Blazor.csproj", "{1B07D29B-0209-410B-A508-5E1D27846252}"
EndProject
Project("{9A19103F-16F7-4668-BE54-9A1E7A4F7556}") = "ArCrypt.Blazor.Services", "ArCrypt.Blazor.Services\ArCrypt.Blazor.Services.csproj", "{552D4EE3-7234-456B-A722-1BB100316117}"
EndProject
Project("{9A19103F-16F7-4668-BE54-9A1E7A4F7556}") = "ArCrypt.Blazor.Services.Abstractions", "ArCrypt.Blazor.Services.Abstractions\ArCrypt.Blazor.Services.Abstractions.csproj", "{B854DDDB-86A8-4F81-9DD3-4BFAE98C8A1B}"
EndProject
Project("{9A19103F-16F7-4668-BE54-9A1E7A4F7556}") = "ArCrypt.Blazor.Model", "ArCrypt.Blazor.Model\ArCrypt.Blazor.Model.csproj", "{F41F18CA-AAEC-4BCF-A059-E9D9576C1D5F}"
EndProject
Global
	GlobalSection(SolutionConfigurationPlatforms) = preSolution
		Debug|Any CPU = Debug|Any CPU
		Release|Any CPU = Release|Any CPU
	EndGlobalSection
	GlobalSection(ProjectConfigurationPlatforms) = postSolution
		{32BA07F9-02F2-44CB-A101-7C377D508BCC}.Debug|Any CPU.ActiveCfg = Debug|Any CPU
		{32BA07F9-02F2-44CB-A101-7C377D508BCC}.Debug|Any CPU.Build.0 = Debug|Any CPU
		{32BA07F9-02F2-44CB-A101-7C377D508BCC}.Debug|Any CPU.Deploy.0 = Debug|Any CPU
		{32BA07F9-02F2-44CB-A101-7C377D508BCC}.Release|Any CPU.ActiveCfg = Release|Any CPU
		{32BA07F9-02F2-44CB-A101-7C377D508BCC}.Release|Any CPU.Build.0 = Release|Any CPU
		{32BA07F9-02F2-44CB-A101-7C377D508BCC}.Release|Any CPU.Deploy.0 = Release|Any CPU
		{1B07D29B-0209-410B-A508-5E1D27846252}.Debug|Any CPU.ActiveCfg = Debug|Any CPU
		{1B07D29B-0209-410B-A508-5E1D27846252}.Debug|Any CPU.Build.0 = Debug|Any CPU
		{1B07D29B-0209-410B-A508-5E1D27846252}.Release|Any CPU.ActiveCfg = Release|Any CPU
		{1B07D29B-0209-410B-A508-5E1D27846252}.Release|Any CPU.Build.0 = Release|Any CPU
		{552D4EE3-7234-456B-A722-1BB100316117}.Debug|Any CPU.ActiveCfg = Debug|Any CPU
		{552D4EE3-7234-456B-A722-1BB100316117}.Debug|Any CPU.Build.0 = Debug|Any CPU
		{552D4EE3-7234-456B-A722-1BB100316117}.Release|Any CPU.ActiveCfg = Release|Any CPU
		{552D4EE3-7234-456B-A722-1BB100316117}.Release|Any CPU.Build.0 = Release|Any CPU
		{B854DDDB-86A8-4F81-9DD3-4BFAE98C8A1B}.Debug|Any CPU.ActiveCfg = Debug|Any CPU
		{B854DDDB-86A8-4F81-9DD3-4BFAE98C8A1B}.Debug|Any CPU.Build.0 = Debug|Any CPU
		{B854DDDB-86A8-4F81-9DD3-4BFAE98C8A1B}.Release|Any CPU.ActiveCfg = Release|Any CPU
		{B854DDDB-86A8-4F81-9DD3-4BFAE98C8A1B}.Release|Any CPU.Build.0 = Release|Any CPU
		{F41F18CA-AAEC-4BCF-A059-E9D9576C1D5F}.Debug|Any CPU.ActiveCfg = Debug|Any CPU
		{F41F18CA-AAEC-4BCF-A059-E9D9576C1D5F}.Debug|Any CPU.Build.0 = Debug|Any CPU
		{F41F18CA-AAEC-4BCF-A059-E9D9576C1D5F}.Release|Any CPU.ActiveCfg = Release|Any CPU
		{F41F18CA-AAEC-4BCF-A059-E9D9576C1D5F}.Release|Any CPU.Build.0 = Release|Any CPU
	EndGlobalSection
	GlobalSection(SolutionProperties) = preSolution
		HideSolutionNode = FALSE
	EndGlobalSection
	GlobalSection(ExtensibilityGlobals) = postSolution
		SolutionGuid = {1A8AFE52-07F6-4CFD-AB4E-09E3492095DF}
	EndGlobalSection
EndGlobal
